// !$*UTF8*$!
{
	archiveVersion = 1;
	classes = {
	};
	objectVersion = 53;
	objects = {

/* Begin PBXBuildFile section */
		999D86F3248BEFBC0031B407 /* AppDelegate.swift in Sources */ = {isa = PBXBuildFile; fileRef = 999D86F2248BEFBC0031B407 /* AppDelegate.swift */; };
		999D86F5248BEFBC0031B407 /* ContentView.swift in Sources */ = {isa = PBXBuildFile; fileRef = 999D86F4248BEFBC0031B407 /* ContentView.swift */; };
		999D86F7248BEFBC0031B407 /* Assets.xcassets in Resources */ = {isa = PBXBuildFile; fileRef = 999D86F6248BEFBC0031B407 /* Assets.xcassets */; };
		999D86FA248BEFBC0031B407 /* Preview Assets.xcassets in Resources */ = {isa = PBXBuildFile; fileRef = 999D86F9248BEFBC0031B407 /* Preview Assets.xcassets */; };
		999D86FD248BEFBC0031B407 /* Main.storyboard in Resources */ = {isa = PBXBuildFile; fileRef = 999D86FB248BEFBC0031B407 /* Main.storyboard */; };
		99E5988F248D364B004AFE4C /* CallParser.framework in Frameworks */ = {isa = PBXBuildFile; fileRef = 99E5988E248D364B004AFE4C /* CallParser.framework */; };
		99E59890248D364B004AFE4C /* CallParser.framework in Embed Frameworks */ = {isa = PBXBuildFile; fileRef = 99E5988E248D364B004AFE4C /* CallParser.framework */; settings = {ATTRIBUTES = (CodeSignOnCopy, RemoveHeadersOnCopy, ); }; };
/* End PBXBuildFile section */

/* Begin PBXCopyFilesBuildPhase section */
		99E59891248D364B004AFE4C /* Embed Frameworks */ = {
			isa = PBXCopyFilesBuildPhase;
			buildActionMask = 2147483647;
			dstPath = "";
			dstSubfolderSpec = 10;
			files = (
				99E59890248D364B004AFE4C /* CallParser.framework in Embed Frameworks */,
			);
			name = "Embed Frameworks";
			runOnlyForDeploymentPostprocessing = 0;
		};
/* End PBXCopyFilesBuildPhase section */

/* Begin PBXFileReference section */
		999D86EF248BEFBC0031B407 /* CallParser Demo.app */ = {isa = PBXFileReference; explicitFileType = wrapper.application; includeInIndex = 0; path = "CallParser Demo.app"; sourceTree = BUILT_PRODUCTS_DIR; };
		999D86F2248BEFBC0031B407 /* AppDelegate.swift */ = {isa = PBXFileReference; lastKnownFileType = sourcecode.swift; path = AppDelegate.swift; sourceTree = "<group>"; };
		999D86F4248BEFBC0031B407 /* ContentView.swift */ = {isa = PBXFileReference; lastKnownFileType = sourcecode.swift; path = ContentView.swift; sourceTree = "<group>"; };
		999D86F6248BEFBC0031B407 /* Assets.xcassets */ = {isa = PBXFileReference; lastKnownFileType = folder.assetcatalog; path = Assets.xcassets; sourceTree = "<group>"; };
		999D86F9248BEFBC0031B407 /* Preview Assets.xcassets */ = {isa = PBXFileReference; lastKnownFileType = folder.assetcatalog; path = "Preview Assets.xcassets"; sourceTree = "<group>"; };
		999D86FC248BEFBC0031B407 /* Base */ = {isa = PBXFileReference; lastKnownFileType = file.storyboard; name = Base; path = Base.lproj/Main.storyboard; sourceTree = "<group>"; };
		999D86FE248BEFBC0031B407 /* Info.plist */ = {isa = PBXFileReference; lastKnownFileType = text.plist.xml; path = Info.plist; sourceTree = "<group>"; };
		999D86FF248BEFBC0031B407 /* CallParser_Demo.entitlements */ = {isa = PBXFileReference; lastKnownFileType = text.plist.entitlements; path = CallParser_Demo.entitlements; sourceTree = "<group>"; };
		99E5988E248D364B004AFE4C /* CallParser.framework */ = {isa = PBXFileReference; explicitFileType = wrapper.framework; path = CallParser.framework; sourceTree = BUILT_PRODUCTS_DIR; };
/* End PBXFileReference section */

/* Begin PBXFrameworksBuildPhase section */
		999D86EC248BEFBC0031B407 /* Frameworks */ = {
			isa = PBXFrameworksBuildPhase;
			buildActionMask = 2147483647;
			files = (
				99E5988F248D364B004AFE4C /* CallParser.framework in Frameworks */,
			);
			runOnlyForDeploymentPostprocessing = 0;
		};
/* End PBXFrameworksBuildPhase section */

/* Begin PBXGroup section */
		999D86E6248BEFBC0031B407 = {
			isa = PBXGroup;
			children = (
				999D86F1248BEFBC0031B407 /* CallParser Demo */,
				999D86F0248BEFBC0031B407 /* Products */,
				99E5988D248D364B004AFE4C /* Frameworks */,
			);
			sourceTree = "<group>";
		};
		999D86F0248BEFBC0031B407 /* Products */ = {
			isa = PBXGroup;
			children = (
				999D86EF248BEFBC0031B407 /* CallParser Demo.app */,
			);
			name = Products;
			sourceTree = "<group>";
		};
		999D86F1248BEFBC0031B407 /* CallParser Demo */ = {
			isa = PBXGroup;
			children = (
				999D86F2248BEFBC0031B407 /* AppDelegate.swift */,
				999D86F4248BEFBC0031B407 /* ContentView.swift */,
				999D86F6248BEFBC0031B407 /* Assets.xcassets */,
				999D86FB248BEFBC0031B407 /* Main.storyboard */,
				999D86FE248BEFBC0031B407 /* Info.plist */,
				999D86FF248BEFBC0031B407 /* CallParser_Demo.entitlements */,
				999D86F8248BEFBC0031B407 /* Preview Content */,
			);
			path = "CallParser Demo";
			sourceTree = "<group>";
		};
		999D86F8248BEFBC0031B407 /* Preview Content */ = {
			isa = PBXGroup;
			children = (
				999D86F9248BEFBC0031B407 /* Preview Assets.xcassets */,
			);
			path = "Preview Content";
			sourceTree = "<group>";
		};
		99E5988D248D364B004AFE4C /* Frameworks */ = {
			isa = PBXGroup;
			children = (
				99E5988E248D364B004AFE4C /* CallParser.framework */,
			);
			name = Frameworks;
			sourceTree = "<group>";
		};
/* End PBXGroup section */

/* Begin PBXNativeTarget section */
		999D86EE248BEFBC0031B407 /* CallParser Demo */ = {
			isa = PBXNativeTarget;
			buildConfigurationList = 999D8702248BEFBC0031B407 /* Build configuration list for PBXNativeTarget "CallParser Demo" */;
			buildPhases = (
				999D86EB248BEFBC0031B407 /* Sources */,
				999D86EC248BEFBC0031B407 /* Frameworks */,
				999D86ED248BEFBC0031B407 /* Resources */,
				99E59891248D364B004AFE4C /* Embed Frameworks */,
			);
			buildRules = (
			);
			dependencies = (
			);
			name = "CallParser Demo";
			productName = "CallParser Demo";
			productReference = 999D86EF248BEFBC0031B407 /* CallParser Demo.app */;
			productType = "com.apple.product-type.application";
		};
/* End PBXNativeTarget section */

/* Begin PBXProject section */
		999D86E7248BEFBC0031B407 /* Project object */ = {
			isa = PBXProject;
			attributes = {
				LastSwiftUpdateCheck = 1150;
				LastUpgradeCheck = 1160;
				ORGANIZATIONNAME = "Peter Bourget";
				TargetAttributes = {
					999D86EE248BEFBC0031B407 = {
						CreatedOnToolsVersion = 11.5;
					};
				};
			};
			buildConfigurationList = 999D86EA248BEFBC0031B407 /* Build configuration list for PBXProject "CallParser Demo" */;
			compatibilityVersion = "Xcode 11.4";
			developmentRegion = en;
			hasScannedForEncodings = 0;
			knownRegions = (
				en,
				Base,
			);
			mainGroup = 999D86E6248BEFBC0031B407;
			productRefGroup = 999D86F0248BEFBC0031B407 /* Products */;
			projectDirPath = "";
			projectRoot = "";
			targets = (
				999D86EE248BEFBC0031B407 /* CallParser Demo */,
			);
		};
/* End PBXProject section */

/* Begin PBXResourcesBuildPhase section */
		999D86ED248BEFBC0031B407 /* Resources */ = {
			isa = PBXResourcesBuildPhase;
			buildActionMask = 2147483647;
			files = (
				999D86FD248BEFBC0031B407 /* Main.storyboard in Resources */,
				999D86FA248BEFBC0031B407 /* Preview Assets.xcassets in Resources */,
				999D86F7248BEFBC0031B407 /* Assets.xcassets in Resources */,
			);
			runOnlyForDeploymentPostprocessing = 0;
		};
/* End PBXResourcesBuildPhase section */

/* Begin PBXSourcesBuildPhase section */
		999D86EB248BEFBC0031B407 /* Sources */ = {
			isa = PBXSourcesBuildPhase;
			buildActionMask = 2147483647;
			files = (
				999D86F5248BEFBC0031B407 /* ContentView.swift in Sources */,
				999D86F3248BEFBC0031B407 /* AppDelegate.swift in Sources */,
			);
			runOnlyForDeploymentPostprocessing = 0;
		};
/* End PBXSourcesBuildPhase section */

/* Begin PBXVariantGroup section */
		999D86FB248BEFBC0031B407 /* Main.storyboard */ = {
			isa = PBXVariantGroup;
			children = (
				999D86FC248BEFBC0031B407 /* Base */,
			);
			name = Main.storyboard;
			sourceTree = "<group>";
		};
/* End PBXVariantGroup section */

/* Begin XCBuildConfiguration section */
		999D8700248BEFBC0031B407 /* Debug */ = {
			isa = XCBuildConfiguration;
			buildSettings = {
				ALWAYS_SEARCH_USER_PATHS = NO;
				CLANG_ANALYZER_NONNULL = YES;
				CLANG_ANALYZER_NUMBER_OBJECT_CONVERSION = YES_AGGRESSIVE;
				CLANG_CXX_LANGUAGE_STANDARD = "gnu++14";
				CLANG_CXX_LIBRARY = "libc++";
				CLANG_ENABLE_MODULES = YES;
				CLANG_ENABLE_OBJC_ARC = YES;
				CLANG_ENABLE_OBJC_WEAK = YES;
				CLANG_WARN_BLOCK_CAPTURE_AUTORELEASING = YES;
				CLANG_WARN_BOOL_CONVERSION = YES;
				CLANG_WARN_COMMA = YES;
				CLANG_WARN_CONSTANT_CONVERSION = YES;
				CLANG_WARN_DEPRECATED_OBJC_IMPLEMENTATIONS = YES;
				CLANG_WARN_DIRECT_OBJC_ISA_USAGE = YES_ERROR;
				CLANG_WARN_DOCUMENTATION_COMMENTS = YES;
				CLANG_WARN_EMPTY_BODY = YES;
				CLANG_WARN_ENUM_CONVERSION = YES;
				CLANG_WARN_INFINITE_RECURSION = YES;
				CLANG_WARN_INT_CONVERSION = YES;
				CLANG_WARN_NON_LITERAL_NULL_CONVERSION = YES;
				CLANG_WARN_OBJC_IMPLICIT_RETAIN_SELF = YES;
				CLANG_WARN_OBJC_LITERAL_CONVERSION = YES;
				CLANG_WARN_OBJC_ROOT_CLASS = YES_ERROR;
				CLANG_WARN_RANGE_LOOP_ANALYSIS = YES;
				CLANG_WARN_STRICT_PROTOTYPES = YES;
				CLANG_WARN_SUSPICIOUS_MOVE = YES;
				CLANG_WARN_UNGUARDED_AVAILABILITY = YES_AGGRESSIVE;
				CLANG_WARN_UNREACHABLE_CODE = YES;
				CLANG_WARN__DUPLICATE_METHOD_MATCH = YES;
				COPY_PHASE_STRIP = NO;
				DEBUG_INFORMATION_FORMAT = dwarf;
				ENABLE_STRICT_OBJC_MSGSEND = YES;
				ENABLE_TESTABILITY = YES;
				GCC_C_LANGUAGE_STANDARD = gnu11;
				GCC_DYNAMIC_NO_PIC = NO;
				GCC_NO_COMMON_BLOCKS = YES;
				GCC_OPTIMIZATION_LEVEL = 0;
				GCC_PREPROCESSOR_DEFINITIONS = (
					"DEBUG=1",
					"$(inherited)",
				);
				GCC_WARN_64_TO_32_BIT_CONVERSION = YES;
				GCC_WARN_ABOUT_RETURN_TYPE = YES_ERROR;
				GCC_WARN_UNDECLARED_SELECTOR = YES;
				GCC_WARN_UNINITIALIZED_AUTOS = YES_AGGRESSIVE;
				GCC_WARN_UNUSED_FUNCTION = YES;
				GCC_WARN_UNUSED_VARIABLE = YES;
				MACOSX_DEPLOYMENT_TARGET = 10.15;
				MTL_ENABLE_DEBUG_INFO = INCLUDE_SOURCE;
				MTL_FAST_MATH = YES;
				ONLY_ACTIVE_ARCH = YES;
				SDKROOT = macosx;
				SWIFT_ACTIVE_COMPILATION_CONDITIONS = DEBUG;
				SWIFT_OPTIMIZATION_LEVEL = "-Onone";
			};
			name = Debug;
		};
		999D8701248BEFBC0031B407 /* Release */ = {
			isa = XCBuildConfiguration;
			buildSettings = {
				ALWAYS_SEARCH_USER_PATHS = NO;
				CLANG_ANALYZER_NONNULL = YES;
				CLANG_ANALYZER_NUMBER_OBJECT_CONVERSION = YES_AGGRESSIVE;
				CLANG_CXX_LANGUAGE_STANDARD = "gnu++14";
				CLANG_CXX_LIBRARY = "libc++";
				CLANG_ENABLE_MODULES = YES;
				CLANG_ENABLE_OBJC_ARC = YES;
				CLANG_ENABLE_OBJC_WEAK = YES;
				CLANG_WARN_BLOCK_CAPTURE_AUTORELEASING = YES;
				CLANG_WARN_BOOL_CONVERSION = YES;
				CLANG_WARN_COMMA = YES;
				CLANG_WARN_CONSTANT_CONVERSION = YES;
				CLANG_WARN_DEPRECATED_OBJC_IMPLEMENTATIONS = YES;
				CLANG_WARN_DIRECT_OBJC_ISA_USAGE = YES_ERROR;
				CLANG_WARN_DOCUMENTATION_COMMENTS = YES;
				CLANG_WARN_EMPTY_BODY = YES;
				CLANG_WARN_ENUM_CONVERSION = YES;
				CLANG_WARN_INFINITE_RECURSION = YES;
				CLANG_WARN_INT_CONVERSION = YES;
				CLANG_WARN_NON_LITERAL_NULL_CONVERSION = YES;
				CLANG_WARN_OBJC_IMPLICIT_RETAIN_SELF = YES;
				CLANG_WARN_OBJC_LITERAL_CONVERSION = YES;
				CLANG_WARN_OBJC_ROOT_CLASS = YES_ERROR;
				CLANG_WARN_RANGE_LOOP_ANALYSIS = YES;
				CLANG_WARN_STRICT_PROTOTYPES = YES;
				CLANG_WARN_SUSPICIOUS_MOVE = YES;
				CLANG_WARN_UNGUARDED_AVAILABILITY = YES_AGGRESSIVE;
				CLANG_WARN_UNREACHABLE_CODE = YES;
				CLANG_WARN__DUPLICATE_METHOD_MATCH = YES;
				COPY_PHASE_STRIP = NO;
				DEBUG_INFORMATION_FORMAT = "dwarf-with-dsym";
				ENABLE_NS_ASSERTIONS = NO;
				ENABLE_STRICT_OBJC_MSGSEND = YES;
				GCC_C_LANGUAGE_STANDARD = gnu11;
				GCC_NO_COMMON_BLOCKS = YES;
				GCC_WARN_64_TO_32_BIT_CONVERSION = YES;
				GCC_WARN_ABOUT_RETURN_TYPE = YES_ERROR;
				GCC_WARN_UNDECLARED_SELECTOR = YES;
				GCC_WARN_UNINITIALIZED_AUTOS = YES_AGGRESSIVE;
				GCC_WARN_UNUSED_FUNCTION = YES;
				GCC_WARN_UNUSED_VARIABLE = YES;
				MACOSX_DEPLOYMENT_TARGET = 10.15;
				MTL_ENABLE_DEBUG_INFO = NO;
				MTL_FAST_MATH = YES;
				SDKROOT = macosx;
				SWIFT_COMPILATION_MODE = wholemodule;
				SWIFT_OPTIMIZATION_LEVEL = "-Onone";
			};
			name = Release;
		};
		999D8703248BEFBC0031B407 /* Debug */ = {
			isa = XCBuildConfiguration;
			buildSettings = {
				ASSETCATALOG_COMPILER_APPICON_NAME = AppIcon;
				CODE_SIGN_ENTITLEMENTS = "CallParser Demo/CallParser_Demo.entitlements";
				CODE_SIGN_IDENTITY = "Apple Development";
				CODE_SIGN_STYLE = Automatic;
				COMBINE_HIDPI_IMAGES = YES;
				DEVELOPMENT_ASSET_PATHS = "\"CallParser Demo/Preview Content\"";
				DEVELOPMENT_TEAM = JE278GX57V;
				ENABLE_HARDENED_RUNTIME = YES;
				ENABLE_PREVIEWS = YES;
				INFOPLIST_FILE = "CallParser Demo/Info.plist";
				LD_RUNPATH_SEARCH_PATHS = (
					"$(inherited)",
					"@executable_path/../Frameworks",
				);
				MACOSX_DEPLOYMENT_TARGET = 10.15;
				PRODUCT_BUNDLE_IDENTIFIER = "com.w6op.CallParser-Demo";
				PRODUCT_NAME = "$(TARGET_NAME)";
				SWIFT_VERSION = 5.0;
			};
			name = Debug;
		};
		999D8704248BEFBC0031B407 /* Release */ = {
			isa = XCBuildConfiguration;
			buildSettings = {
				ASSETCATALOG_COMPILER_APPICON_NAME = AppIcon;
				CODE_SIGN_ENTITLEMENTS = "CallParser Demo/CallParser_Demo.entitlements";
				CODE_SIGN_IDENTITY = "Apple Development";
				CODE_SIGN_STYLE = Automatic;
				COMBINE_HIDPI_IMAGES = YES;
				DEVELOPMENT_ASSET_PATHS = "\"CallParser Demo/Preview Content\"";
				DEVELOPMENT_TEAM = JE278GX57V;
				ENABLE_HARDENED_RUNTIME = YES;
				ENABLE_PREVIEWS = YES;
				INFOPLIST_FILE = "CallParser Demo/Info.plist";
				LD_RUNPATH_SEARCH_PATHS = (
					"$(inherited)",
					"@executable_path/../Frameworks",
				);
				MACOSX_DEPLOYMENT_TARGET = 10.15;
				PRODUCT_BUNDLE_IDENTIFIER = "com.w6op.CallParser-Demo";
				PRODUCT_NAME = "$(TARGET_NAME)";
				SWIFT_VERSION = 5.0;
			};
			name = Release;
		};
/* End XCBuildConfiguration section */

/* Begin XCConfigurationList section */
		999D86EA248BEFBC0031B407 /* Build configuration list for PBXProject "CallParser Demo" */ = {
			isa = XCConfigurationList;
			buildConfigurations = (
				999D8700248BEFBC0031B407 /* Debug */,
				999D8701248BEFBC0031B407 /* Release */,
			);
			defaultConfigurationIsVisible = 0;
			defaultConfigurationName = Release;
		};
		999D8702248BEFBC0031B407 /* Build configuration list for PBXNativeTarget "CallParser Demo" */ = {
			isa = XCConfigurationList;
			buildConfigurations = (
				999D8703248BEFBC0031B407 /* Debug */,
				999D8704248BEFBC0031B407 /* Release */,
			);
			defaultConfigurationIsVisible = 0;
			defaultConfigurationName = Release;
		};
/* End XCConfigurationList section */
	};
	rootObject = 999D86E7248BEFBC0031B407 /* Project object */;
}
